
Microsoft Visual Studio Solution File, Format Version 12.00
# Visual Studio 15
VisualStudioVersion = 15.0.27703.2018
MinimumVisualStudioVersion = 10.0.40219.1
Project("{FAE04EC0-301F-11D3-BF4B-00C04F79EFBC}") = "SrTest.DM", "SrTest.DM\SrTest.DM.csproj", "{C1E39061-9F2D-4D7A-B83F-56248B90F560}"
EndProject
Project("{FAE04EC0-301F-11D3-BF4B-00C04F79EFBC}") = "SrTest.BM", "SrTest.BM\SrTest.BM.csproj", "{C59406BE-2D94-4169-A5CA-987BD9364DE9}"
EndProject
Project("{FAE04EC0-301F-11D3-BF4B-00C04F79EFBC}") = "SrTest.Tools", "SrTest.Tools\SrTest.Tools.csproj", "{A789921C-4CEE-4C98-A879-5E96974863D5}"
EndProject
Project("{FAE04EC0-301F-11D3-BF4B-00C04F79EFBC}") = "SrTest.DTO", "SrTest.DTO\SrTest.DTO.csproj", "{E0D252F2-28BD-43BF-A4A0-CE27E6B7C4B4}"
EndProject
Project("{FAE04EC0-301F-11D3-BF4B-00C04F79EFBC}") = "SrTest.Web", "SrTest.Web\SrTest.Web.csproj", "{A4ABD6AA-F8EE-4EC1-9BD6-601D55BB3FDC}"
EndProject
Project("{FAE04EC0-301F-11D3-BF4B-00C04F79EFBC}") = "SrTest.API", "SrTest.API\SrTest.API.csproj", "{BFF7ABFC-9D68-4053-B420-B58E695CCD18}"
EndProject
Project("{2150E333-8FDC-42A3-9474-1A3956D46DE8}") = "Data Access Layer", "Data Access Layer", "{E82B128B-A2E1-44F6-8CC0-AF9C7B605514}"
EndProject
Project("{2150E333-8FDC-42A3-9474-1A3956D46DE8}") = "Business Layer", "Business Layer", "{ACA82189-B54F-44D9-9AB6-236255EF0F9A}"
EndProject
Project("{2150E333-8FDC-42A3-9474-1A3956D46DE8}") = "Cross Layer", "Cross Layer", "{4622D9F1-7675-4F02-AF2E-8C8FA30B93AA}"
EndProject
Project("{2150E333-8FDC-42A3-9474-1A3956D46DE8}") = "Presentation Layer", "Presentation Layer", "{D082D8B4-4B0E-47C4-884B-2151558684F6}"
EndProject
Global
	GlobalSection(SolutionConfigurationPlatforms) = preSolution
		Debug|Any CPU = Debug|Any CPU
		Release|Any CPU = Release|Any CPU
	EndGlobalSection
	GlobalSection(ProjectConfigurationPlatforms) = postSolution
		{C1E39061-9F2D-4D7A-B83F-56248B90F560}.Debug|Any CPU.ActiveCfg = Debug|Any CPU
		{C1E39061-9F2D-4D7A-B83F-56248B90F560}.Debug|Any CPU.Build.0 = Debug|Any CPU
		{C1E39061-9F2D-4D7A-B83F-56248B90F560}.Release|Any CPU.ActiveCfg = Release|Any CPU
		{C1E39061-9F2D-4D7A-B83F-56248B90F560}.Release|Any CPU.Build.0 = Release|Any CPU
		{C59406BE-2D94-4169-A5CA-987BD9364DE9}.Debug|Any CPU.ActiveCfg = Debug|Any CPU
		{C59406BE-2D94-4169-A5CA-987BD9364DE9}.Debug|Any CPU.Build.0 = Debug|Any CPU
		{C59406BE-2D94-4169-A5CA-987BD9364DE9}.Release|Any CPU.ActiveCfg = Release|Any CPU
		{C59406BE-2D94-4169-A5CA-987BD9364DE9}.Release|Any CPU.Build.0 = Release|Any CPU
		{A789921C-4CEE-4C98-A879-5E96974863D5}.Debug|Any CPU.ActiveCfg = Debug|Any CPU
		{A789921C-4CEE-4C98-A879-5E96974863D5}.Debug|Any CPU.Build.0 = Debug|Any CPU
		{A789921C-4CEE-4C98-A879-5E96974863D5}.Release|Any CPU.ActiveCfg = Release|Any CPU
		{A789921C-4CEE-4C98-A879-5E96974863D5}.Release|Any CPU.Build.0 = Release|Any CPU
		{E0D252F2-28BD-43BF-A4A0-CE27E6B7C4B4}.Debug|Any CPU.ActiveCfg = Debug|Any CPU
		{E0D252F2-28BD-43BF-A4A0-CE27E6B7C4B4}.Debug|Any CPU.Build.0 = Debug|Any CPU
		{E0D252F2-28BD-43BF-A4A0-CE27E6B7C4B4}.Release|Any CPU.ActiveCfg = Release|Any CPU
		{E0D252F2-28BD-43BF-A4A0-CE27E6B7C4B4}.Release|Any CPU.Build.0 = Release|Any CPU
		{A4ABD6AA-F8EE-4EC1-9BD6-601D55BB3FDC}.Debug|Any CPU.ActiveCfg = Debug|Any CPU
		{A4ABD6AA-F8EE-4EC1-9BD6-601D55BB3FDC}.Debug|Any CPU.Build.0 = Debug|Any CPU
		{A4ABD6AA-F8EE-4EC1-9BD6-601D55BB3FDC}.Release|Any CPU.ActiveCfg = Release|Any CPU
		{A4ABD6AA-F8EE-4EC1-9BD6-601D55BB3FDC}.Release|Any CPU.Build.0 = Release|Any CPU
		{BFF7ABFC-9D68-4053-B420-B58E695CCD18}.Debug|Any CPU.ActiveCfg = Debug|Any CPU
		{BFF7ABFC-9D68-4053-B420-B58E695CCD18}.Debug|Any CPU.Build.0 = Debug|Any CPU
		{BFF7ABFC-9D68-4053-B420-B58E695CCD18}.Release|Any CPU.ActiveCfg = Release|Any CPU
		{BFF7ABFC-9D68-4053-B420-B58E695CCD18}.Release|Any CPU.Build.0 = Release|Any CPU
	EndGlobalSection
	GlobalSection(SolutionProperties) = preSolution
		HideSolutionNode = FALSE
	EndGlobalSection
	GlobalSection(NestedProjects) = preSolution
		{C1E39061-9F2D-4D7A-B83F-56248B90F560} = {E82B128B-A2E1-44F6-8CC0-AF9C7B605514}
		{C59406BE-2D94-4169-A5CA-987BD9364DE9} = {ACA82189-B54F-44D9-9AB6-236255EF0F9A}
		{A789921C-4CEE-4C98-A879-5E96974863D5} = {4622D9F1-7675-4F02-AF2E-8C8FA30B93AA}
		{E0D252F2-28BD-43BF-A4A0-CE27E6B7C4B4} = {4622D9F1-7675-4F02-AF2E-8C8FA30B93AA}
		{A4ABD6AA-F8EE-4EC1-9BD6-601D55BB3FDC} = {D082D8B4-4B0E-47C4-884B-2151558684F6}
		{BFF7ABFC-9D68-4053-B420-B58E695CCD18} = {D082D8B4-4B0E-47C4-884B-2151558684F6}
	EndGlobalSection
	GlobalSection(ExtensibilityGlobals) = postSolution
		SolutionGuid = {256DB5AF-1C35-49FF-B34A-8ABA30F42205}
	EndGlobalSection
EndGlobal
